{
  "version": 1,
  "dependencies": {
    "net10.0": {
      "CSharpIsNullAnalyzer": {
        "type": "Direct",
        "requested": "[0.1.593, )",
        "resolved": "0.1.593",
        "contentHash": "iNPmcgZy7dPCtbKET2/aCq47NECBZG2brIXTW1AleFysxHufmRE3Xy30AlJtfbKzMrRU4MO8cu04c7MfGeUDjg=="
      },
      "Microsoft.VisualStudio.Threading.Analyzers": {
        "type": "Direct",
        "requested": "[18.7.23, )",
        "resolved": "18.7.23",
        "contentHash": "dyj6z8m+LFjpeH69hdnciCcRCmD0YgMlvuQEywiEshjqj/blgQ+PuWX8Vd5gkWQFoBN4e+TFxx6DvGNSv/gIKg=="
      },
      "BeetleX": {
        "type": "Transitive",
        "resolved": "1.8.24.425",
        "contentHash": "ISXpwNs1WjDSpGzPwGcZ/mJdOkkxpSqfaEETH+phwCuEsjyX4WC2SouFs2QPu8qbPu2+NpFvXNQ+lF6BUz1s/w=="
      },
      "BeetleX.Redis": {
        "type": "Transitive",
        "resolved": "1.4.24.425",
        "contentHash": "gy9qmDL9UGJWL4RP1ZGsBYSdHpSdVW5F3CKtNHkvUwiz1wjqBA++d3ZWIt+2CvR/jENSShF2+mLuPY1xBkJkag==",
        "dependencies": {
          "BeetleX": "1.8.24.425",
          "BeetleX.Tracks": "0.8.0",
          "MessagePack": "2.1.115",
          "Newtonsoft.Json": "11.0.2",
          "protobuf-net": "3.0.101"
        }
      },
      "BeetleX.Tracks": {
        "type": "Transitive",
        "resolved": "0.8.0",
        "contentHash": "p0MmrYD3QbjDsEZHfUoNg3nTkiXExS3ZIKzTOeQdaggoiVa4C2pNHisIvGXHxpwr8UBcoCjLczyWrZNvLESZsQ=="
      },
      "BinarySerializer": {
        "type": "Transitive",
        "resolved": "10.1.0",
        "contentHash": "2S8rhcfDsgZzwOZGy8xGJuqa2UNPR9Wsf8eryVLTVD+drn0cW5BNKT7TSIepxuJr3uM7A1xGm8yEzpU2YEdy4Q=="
      },
      "Enums.NET": {
        "type": "Transitive",
        "resolved": "5.0.0",
        "contentHash": "NfGq1iLJZ15XZPgBhjk4Ns1XZ+beaGk6cog6B4LxcROdGoSMdgCJqYXF70P6VTd3dz/vFRY4h1u1lAMqW/DC2w=="
      },
      "MessagePack": {
        "type": "Transitive",
        "resolved": "3.1.8",
        "contentHash": "Qk2q+9FVxnMSp+NQ9y3SLz3HqWe7Rg3KRMHhBX28FkKUoOeP9YIU86mA4pFOxDDjUIRA9e7Ssbxs/LwWUcAzPw==",
        "dependencies": {
          "MessagePack.Annotations": "3.1.8",
          "MessagePackAnalyzer": "3.1.8",
          "Microsoft.NET.StringTools": "17.11.4"
        }
      },
      "MessagePack.Annotations": {
        "type": "Transitive",
        "resolved": "3.1.8",
        "contentHash": "SitOtZ4tOlAZZPF7p52M7143F+Cuz7o/aU0MrtAXX0+ZkPXzDNroOFhzzE2ogMFThsoEW/E6akXVVcBFM9ZKaw=="
      },
      "MessagePackAnalyzer": {
        "type": "Transitive",
        "resolved": "3.1.8",
        "contentHash": "Vm4g0cR4YRKRchEOmMJ0uVFU6yxdg7cJa2KHv3SUAHEsdYKvMpHMF5A1hZfsix89ymD5cmuzRnw9a6dKMcvq+Q=="
      },
      "Microsoft.Extensions.Configuration": {
        "type": "Transitive",
        "resolved": "10.0.11",
        "contentHash": "wlhRqZW8LcJPa+vk2oLAc/REXDItHtkFQdf/QcXYGZbZOO13izcsKY1pCvuFQYwUiZD+hwSZwsKASjqT+BNaVg==",
        "dependencies": {
          "Microsoft.Extensions.Configuration.Abstractions": "10.0.11",
          "Microsoft.Extensions.Primitives": "10.0.11"
        }
      },
      "Microsoft.Extensions.Configuration.Abstractions": {
        "type": "Transitive",
        "resolved": "10.0.11",
        "contentHash": "fVi053xdpda9Em7vSkmgVxO/PtgC2m78ekReKWsgcyskqY0U82Bz/MONwxpGzI0hElYKJfw+fupqMVeKW3fSaA==",
        "dependencies": {
          "Microsoft.Extensions.Primitives": "10.0.11"
        }
      },
      "Microsoft.Extensions.Configuration.Binder": {
        "type": "Transitive",
        "resolved": "10.0.11",
        "contentHash": "rFn8RuszZn3qquPVkDytMUlPc2+rXl9MCoygwc1XmAgC5vg5/oXJ8hkOosOrLoBLsqdTy4lFwP6iQdPS9uSYOA==",
        "dependencies": {
          "Microsoft.Extensions.Configuration": "10.0.11",
          "Microsoft.Extensions.Configuration.Abstractions": "10.0.11"
        }
      },
      "Microsoft.Extensions.DependencyInjection.Abstractions": {
        "type": "Transitive",
        "resolved": "10.0.11",
        "contentHash": "/a1aJz4m7ylhEDf25ugQChLQoN5XwoGjWw/BoR/ZWWKsO1v4DdJElS1uyngahz4B/eOzjFk1KNTkarRLE5wsIg=="
      },
      "Microsoft.Extensions.Diagnostics.Abstractions": {
        "type": "Transitive",
        "resolved": "10.0.11",
        "contentHash": "se7Kx8QpJEt+nf26L4qIVAofGTDr1wbexxsh/Fm3Xc04xUkqUXK06KUS7FLwSQYSjqb7q9n+T7MEcXYBhI1Y5g==",
        "dependencies": {
          "Microsoft.Extensions.DependencyInjection.Abstractions": "10.0.11",
          "Microsoft.Extensions.Options": "10.0.11"
        }
      },
      "Microsoft.Extensions.FileProviders.Abstractions": {
        "type": "Transitive",
        "resolved": "10.0.11",
        "contentHash": "JOjac6SQQgZmdmB8WGEw61/7siqMZoWJMkmq2p1goJGxqI59lO6oB4bOl0jNsbaPBdYy5Mlkb+6U7T4+CjnD8Q==",
        "dependencies": {
          "Microsoft.Extensions.Primitives": "10.0.11"
        }
      },
      "Microsoft.Extensions.Hosting.Abstractions": {
        "type": "Transitive",
        "resolved": "10.0.11",
        "contentHash": "pwtpF7iF/NNaOBcX+pvMZ7y2+JAVbH5KkNrH9uMZtuVxVJsFTDiWiCR7Tk3HVptsAijaetipUZVRVK2LLq+nvA==",
        "dependencies": {
          "Microsoft.Extensions.Configuration.Abstractions": "10.0.11",
          "Microsoft.Extensions.DependencyInjection.Abstractions": "10.0.11",
          "Microsoft.Extensions.Diagnostics.Abstractions": "10.0.11",
          "Microsoft.Extensions.FileProviders.Abstractions": "10.0.11",
          "Microsoft.Extensions.Logging.Abstractions": "10.0.11"
        }
      },
      "Microsoft.Extensions.Logging.Abstractions": {
        "type": "Transitive",
        "resolved": "10.0.11",
        "contentHash": "Ljd0Uxoq5XpScD2Bg0nM/r3mwx7Ao5Uq24eo2ARxbGvqJ7Zht6rt2cJtwVRH4Cv+1ZVMdXz6TB43KbpmsxRrvQ==",
        "dependencies": {
          "Microsoft.Extensions.DependencyInjection.Abstractions": "10.0.11"
        }
      },
      "Microsoft.Extensions.Options": {
        "type": "Transitive",
        "resolved": "10.0.11",
        "contentHash": "eY1GAKcTfD2maP27J84X9IovT3yjHJ2dVDzPmDg6/XqYvt3jMzJhtfQCLjG9pVsZGAd+8DQ2QrjaDcs2+VQLGw==",
        "dependencies": {
          "Microsoft.Extensions.DependencyInjection.Abstractions": "10.0.11",
          "Microsoft.Extensions.Primitives": "10.0.11"
        }
      },
      "Microsoft.Extensions.Options.ConfigurationExtensions": {
        "type": "Transitive",
        "resolved": "10.0.11",
        "contentHash": "syEhXQ/sEaSBFaqzlp9gDGHX/nk6gkQkh1sIUpBO1mlBj3Phu1rmb4ML1uCiyPW9N6Kxfxv3y5FGObC+bV01Qw==",
        "dependencies": {
          "Microsoft.Extensions.Configuration.Abstractions": "10.0.11",
          "Microsoft.Extensions.Configuration.Binder": "10.0.11",
          "Microsoft.Extensions.DependencyInjection.Abstractions": "10.0.11",
          "Microsoft.Extensions.Options": "10.0.11",
          "Microsoft.Extensions.Primitives": "10.0.11"
        }
      },
      "Microsoft.Extensions.Options.DataAnnotations": {
        "type": "Transitive",
        "resolved": "10.0.11",
        "contentHash": "eTrVwfQkfJTjz3JyjCjuL/SiSvGuTwuTheJHJD316soiel/mbf4N/4bO/WBMOpjnWzFvDz1S44fQFZi79veQOg==",
        "dependencies": {
          "Microsoft.Extensions.DependencyInjection.Abstractions": "10.0.11",
          "Microsoft.Extensions.Options": "10.0.11"
        }
      },
      "Microsoft.Extensions.Primitives": {
        "type": "Transitive",
        "resolved": "10.0.11",
        "contentHash": "SXcz+kF+4Oo9b1+55zntpJFYfwb1jw66ioxptyNOOTDc8g2FHnBFWjZpsWfCvZIhzr0x+4e2trVTs4OKwQfBtw=="
      },
      "Microsoft.NET.StringTools": {
        "type": "Transitive",
        "resolved": "17.11.4",
        "contentHash": "mudqUHhNpeqIdJoUx2YDWZO/I9uEDYVowan89R6wsomfnUJQk6HteoQTlNjZDixhT2B4IXMkMtgZtoceIjLRmA=="
      },
      "Newtonsoft.Json": {
        "type": "Transitive",
        "resolved": "13.0.4",
        "contentHash": "pdgNNMai3zv51W5aq268sujXUyx7SNdE2bj1wZcWjAQrKMFZV260lbqYop1d2GM67JI1huLRwxo9ZqnfF/lC6A=="
      },
      "protobuf-net": {
        "type": "Transitive",
        "resolved": "3.0.101",
        "contentHash": "mLm8VGfGylp9q+rbJDp3uw0BOeNzfGENecVz/EYGlzq3ss7tfajGXHCMoZm/GxJ9vSn9pcK22UXWZnQ5GJQMjA==",
        "dependencies": {
          "protobuf-net.Core": "3.0.101"
        }
      },
      "protobuf-net.Core": {
        "type": "Transitive",
        "resolved": "3.0.101",
        "contentHash": "gf9QIF0RlctfjmOjbE6eOyMulkNEsH7tHncjKj/4BTu9tkuTyrH3fv5I+35GnolJqKJ6fh9kYaezvNRL3t75+Q=="
      },
      "core.caching": {
        "type": "Project",
        "dependencies": {
          "BeetleX.Redis": "[1.4.24.425, )",
          "CorePluginAPI": "[1.0.0, )",
          "Enums.NET": "[5.0.0, )",
          "MessagePack": "[3.1.8, )",
          "Microsoft.Extensions.DependencyInjection.Abstractions": "[10.0.11, )",
          "Microsoft.Extensions.Logging.Abstractions": "[10.0.11, )",
          "Microsoft.Extensions.Options.ConfigurationExtensions": "[10.0.11, )",
          "Microsoft.Extensions.Options.DataAnnotations": "[10.0.11, )",
          "Newtonsoft.Json": "[13.0.4, )"
        }
      },
      "core.networking": {
        "type": "Project",
        "dependencies": {
          "Microsoft.Extensions.Configuration.Binder": "[10.0.11, )",
          "Microsoft.Extensions.Hosting.Abstractions": "[10.0.11, )",
          "Microsoft.Extensions.Logging.Abstractions": "[10.0.11, )"
        }
      },
      "corepluginapi": {
        "type": "Project",
        "dependencies": {
          "BinarySerializer": "[10.1.0, )",
          "Core.Networking": "[1.0.0, )",
          "Microsoft.Extensions.DependencyInjection.Abstractions": "[10.0.11, )"
        }
      }
    }
  }
}